PODS:
  - Alamofire (5.0.0-beta.6)
  - SKPhotoBrowser (6.1.0)

DEPENDENCIES:
  - Alamofire (~> 5.0.0-beta.5)
  - SKPhotoBrowser

SPEC REPOS:
  https://github.com/cocoapods/specs.git:
    - Alamofire
    - SKPhotoBrowser

SPEC CHECKSUMS:
  Alamofire: cd08a4402bd12cacd0c66f23fb12fec8d6b965e4
  SKPhotoBrowser: 343de95d89dc7913763c5dda243cc6e606e4a168

PODFILE CHECKSUM: 9fa77e20707c23526c5dc7a06a103b4342ed683b

COCOAPODS: 1.7.3
