// !$*UTF8*$!
{
	archiveVersion = 1;
	classes = {
	};
	objectVersion = 51;
	objects = {

/* Begin PBXBuildFile section */
		142994A0C3C23817D146D161 /* libPods-SonorTests.a in Frameworks */ = {isa = PBXBuildFile; fileRef = ADAACE5512369E8A0734D1E0 /* libPods-SonorTests.a */; };
		3AC382B181B832AA99281399 /* Pods_Sonor.framework in Frameworks */ = {isa = PBXBuildFile; fileRef = 389058836357A536F595BEE9 /* Pods_Sonor.framework */; };
		421EBEE922CF07AE00CD97E4 /* CameraDescription.swift in Sources */ = {isa = PBXBuildFile; fileRef = 421EBEE822CF07AE00CD97E4 /* CameraDescription.swift */; };
		421EBEF222CF14DA00CD97E4 /* GlobalStore.swift in Sources */ = {isa = PBXBuildFile; fileRef = 421EBEF122CF14DA00CD97E4 /* GlobalStore.swift */; };
		421EBEF422CF151000CD97E4 /* ShootingFeature.swift in Sources */ = {isa = PBXBuildFile; fileRef = 421EBEF322CF151000CD97E4 /* ShootingFeature.swift */; };
		424E7BCF22CBA5CC00B627BC /* CameraWrapper.swift in Sources */ = {isa = PBXBuildFile; fileRef = 424E7BCE22CBA5CC00B627BC /* CameraWrapper.swift */; };
		4269E0A722E47C4800D3EF36 /* LandingView.swift in Sources */ = {isa = PBXBuildFile; fileRef = 4269E0A622E47C4800D3EF36 /* LandingView.swift */; };
		4269E0A922E47C8500D3EF36 /* FindDeviceView.swift in Sources */ = {isa = PBXBuildFile; fileRef = 4269E0A822E47C8500D3EF36 /* FindDeviceView.swift */; };
		4278B57122D4A9C3001F5498 /* GalleryView.swift in Sources */ = {isa = PBXBuildFile; fileRef = 4278B57022D4A9C3001F5498 /* GalleryView.swift */; };
		428E95A222E38C2100038F28 /* SonorTests.swift in Sources */ = {isa = PBXBuildFile; fileRef = 428E95A122E38C2100038F28 /* SonorTests.swift */; };
		428E95BC22E3980C00038F28 /* Test.m in Sources */ = {isa = PBXBuildFile; fileRef = 428E95BB22E3980C00038F28 /* Test.m */; };
		428E95C022E39AEA00038F28 /* 3.jpeg in Resources */ = {isa = PBXBuildFile; fileRef = 428E95BD22E39AEA00038F28 /* 3.jpeg */; };
		428E95C122E39AEA00038F28 /* 1.jpeg in Resources */ = {isa = PBXBuildFile; fileRef = 428E95BE22E39AEA00038F28 /* 1.jpeg */; };
		428E95C222E39AEA00038F28 /* 2.jpeg in Resources */ = {isa = PBXBuildFile; fileRef = 428E95BF22E39AEA00038F28 /* 2.jpeg */; };
		428E95C422E39FF700038F28 /* GalleryStore.swift in Sources */ = {isa = PBXBuildFile; fileRef = 428E95C322E39FF700038F28 /* GalleryStore.swift */; };
		428E95C622E3A14200038F28 /* ImageView.swift in Sources */ = {isa = PBXBuildFile; fileRef = 428E95C522E3A14200038F28 /* ImageView.swift */; };
		428E95C822E3A15600038F28 /* ImageRowView.swift in Sources */ = {isa = PBXBuildFile; fileRef = 428E95C722E3A15600038F28 /* ImageRowView.swift */; };
		42934F0E22CF5FD300538CA1 /* ShootingLongExposure.swift in Sources */ = {isa = PBXBuildFile; fileRef = 42934F0D22CF5FD300538CA1 /* ShootingLongExposure.swift */; };
		42A9CFF422CDE1C300A22C25 /* CVWrapper.mm in Sources */ = {isa = PBXBuildFile; fileRef = 42A9CFF322CDE1C300A22C25 /* CVWrapper.mm */; };
		42A9CFFB22CDEB1A00A22C25 /* CameraAPI.a in Frameworks */ = {isa = PBXBuildFile; fileRef = 42A9CFFA22CDEB1A00A22C25 /* CameraAPI.a */; };
		42DA752922CB75C4002F1492 /* AppDelegate.swift in Sources */ = {isa = PBXBuildFile; fileRef = 42DA752822CB75C4002F1492 /* AppDelegate.swift */; };
		42DA752B22CB75C4002F1492 /* SceneDelegate.swift in Sources */ = {isa = PBXBuildFile; fileRef = 42DA752A22CB75C4002F1492 /* SceneDelegate.swift */; };
		42DA752D22CB75C4002F1492 /* ContentView.swift in Sources */ = {isa = PBXBuildFile; fileRef = 42DA752C22CB75C4002F1492 /* ContentView.swift */; };
		42DA752F22CB75C7002F1492 /* Assets.xcassets in Resources */ = {isa = PBXBuildFile; fileRef = 42DA752E22CB75C7002F1492 /* Assets.xcassets */; };
		42DA753222CB75C7002F1492 /* Preview Assets.xcassets in Resources */ = {isa = PBXBuildFile; fileRef = 42DA753122CB75C7002F1492 /* Preview Assets.xcassets */; };
		42DA753522CB75C7002F1492 /* LaunchScreen.storyboard in Resources */ = {isa = PBXBuildFile; fileRef = 42DA753322CB75C7002F1492 /* LaunchScreen.storyboard */; };
/* End PBXBuildFile section */

/* Begin PBXContainerItemProxy section */
		428E95A422E38C2100038F28 /* PBXContainerItemProxy */ = {
			isa = PBXContainerItemProxy;
			containerPortal = 42DA751D22CB75C4002F1492 /* Project object */;
			proxyType = 1;
			remoteGlobalIDString = 42DA752422CB75C4002F1492;
			remoteInfo = Sonor;
		};
/* End PBXContainerItemProxy section */

/* Begin PBXFileReference section */
		0F9C5CFEA7519E143830244D /* Pods-SonorTests.release.xcconfig */ = {isa = PBXFileReference; includeInIndex = 1; lastKnownFileType = text.xcconfig; name = "Pods-SonorTests.release.xcconfig"; path = "Target Support Files/Pods-SonorTests/Pods-SonorTests.release.xcconfig"; sourceTree = "<group>"; };
		353D2BCB98B608029DE85191 /* Pods-Sonor.release.xcconfig */ = {isa = PBXFileReference; includeInIndex = 1; lastKnownFileType = text.xcconfig; name = "Pods-Sonor.release.xcconfig"; path = "Target Support Files/Pods-Sonor/Pods-Sonor.release.xcconfig"; sourceTree = "<group>"; };
		389058836357A536F595BEE9 /* Pods_Sonor.framework */ = {isa = PBXFileReference; explicitFileType = wrapper.framework; includeInIndex = 0; path = Pods_Sonor.framework; sourceTree = BUILT_PRODUCTS_DIR; };
		421EBEE822CF07AE00CD97E4 /* CameraDescription.swift */ = {isa = PBXFileReference; lastKnownFileType = sourcecode.swift; path = CameraDescription.swift; sourceTree = "<group>"; };
		421EBEF122CF14DA00CD97E4 /* GlobalStore.swift */ = {isa = PBXFileReference; lastKnownFileType = sourcecode.swift; path = GlobalStore.swift; sourceTree = "<group>"; };
		421EBEF322CF151000CD97E4 /* ShootingFeature.swift */ = {isa = PBXFileReference; lastKnownFileType = sourcecode.swift; path = ShootingFeature.swift; sourceTree = "<group>"; };
		424E7BCE22CBA5CC00B627BC /* CameraWrapper.swift */ = {isa = PBXFileReference; lastKnownFileType = sourcecode.swift; path = CameraWrapper.swift; sourceTree = "<group>"; };
		4269E0A622E47C4800D3EF36 /* LandingView.swift */ = {isa = PBXFileReference; lastKnownFileType = sourcecode.swift; name = LandingView.swift; path = ../../../../../../System/Volumes/Data/Users/yuweiba/workplace/projects/Sonor/Sonor/LandingView.swift; sourceTree = "<group>"; };
		4269E0A822E47C8500D3EF36 /* FindDeviceView.swift */ = {isa = PBXFileReference; lastKnownFileType = sourcecode.swift; name = FindDeviceView.swift; path = ../../../../../../System/Volumes/Data/Users/yuweiba/workplace/projects/Sonor/Sonor/FindDeviceView.swift; sourceTree = "<group>"; };
		4278B57022D4A9C3001F5498 /* GalleryView.swift */ = {isa = PBXFileReference; lastKnownFileType = sourcecode.swift; path = GalleryView.swift; sourceTree = "<group>"; };
		428E959F22E38C2100038F28 /* SonorTests.xctest */ = {isa = PBXFileReference; explicitFileType = wrapper.cfbundle; includeInIndex = 0; path = SonorTests.xctest; sourceTree = BUILT_PRODUCTS_DIR; };
		428E95A122E38C2100038F28 /* SonorTests.swift */ = {isa = PBXFileReference; lastKnownFileType = sourcecode.swift; path = SonorTests.swift; sourceTree = "<group>"; };
		428E95A322E38C2100038F28 /* Info.plist */ = {isa = PBXFileReference; lastKnownFileType = text.plist.xml; path = Info.plist; sourceTree = "<group>"; };
		428E95BA22E3980B00038F28 /* SonorTests-Bridging-Header.h */ = {isa = PBXFileReference; lastKnownFileType = sourcecode.c.h; path = "SonorTests-Bridging-Header.h"; sourceTree = "<group>"; };
		428E95BB22E3980C00038F28 /* Test.m */ = {isa = PBXFileReference; lastKnownFileType = sourcecode.c.objc; name = Test.m; path = ../../../../../../System/Volumes/Data/Users/yuweiba/workplace/projects/Sonor/SonorTests/Test.m; sourceTree = "<group>"; };
		428E95BD22E39AEA00038F28 /* 3.jpeg */ = {isa = PBXFileReference; lastKnownFileType = image.jpeg; path = 3.jpeg; sourceTree = "<group>"; };
		428E95BE22E39AEA00038F28 /* 1.jpeg */ = {isa = PBXFileReference; lastKnownFileType = image.jpeg; path = 1.jpeg; sourceTree = "<group>"; };
		428E95BF22E39AEA00038F28 /* 2.jpeg */ = {isa = PBXFileReference; lastKnownFileType = image.jpeg; path = 2.jpeg; sourceTree = "<group>"; };
		428E95C322E39FF700038F28 /* GalleryStore.swift */ = {isa = PBXFileReference; lastKnownFileType = sourcecode.swift; name = GalleryStore.swift; path = ../../../../../../../System/Volumes/Data/Users/yuweiba/workplace/projects/Sonor/Sonor/Models/GalleryStore.swift; sourceTree = "<group>"; };
		428E95C522E3A14200038F28 /* ImageView.swift */ = {isa = PBXFileReference; lastKnownFileType = sourcecode.swift; name = ImageView.swift; path = ../../../../../../System/Volumes/Data/Users/yuweiba/workplace/projects/Sonor/Sonor/ImageView.swift; sourceTree = "<group>"; };
		428E95C722E3A15600038F28 /* ImageRowView.swift */ = {isa = PBXFileReference; lastKnownFileType = sourcecode.swift; name = ImageRowView.swift; path = ../../../../../../System/Volumes/Data/Users/yuweiba/workplace/projects/Sonor/Sonor/ImageRowView.swift; sourceTree = "<group>"; };
		42934F0D22CF5FD300538CA1 /* ShootingLongExposure.swift */ = {isa = PBXFileReference; lastKnownFileType = sourcecode.swift; path = ShootingLongExposure.swift; sourceTree = "<group>"; };
		42A9CFEF22CDE17A00A22C25 /* Sonor-Bridging-Header.h */ = {isa = PBXFileReference; lastKnownFileType = sourcecode.c.h; path = "Sonor-Bridging-Header.h"; sourceTree = "<group>"; };
		42A9CFF322CDE1C300A22C25 /* CVWrapper.mm */ = {isa = PBXFileReference; lastKnownFileType = sourcecode.cpp.objcpp; path = CVWrapper.mm; sourceTree = "<group>"; };
		42A9CFF622CDE30C00A22C25 /* CVWrapper.h */ = {isa = PBXFileReference; explicitFileType = sourcecode.cpp.h; path = CVWrapper.h; sourceTree = "<group>"; };
		42A9CFF722CDE34400A22C25 /* PrefixHeader.pch */ = {isa = PBXFileReference; lastKnownFileType = sourcecode.c.h; path = PrefixHeader.pch; sourceTree = "<group>"; };
		42A9CFFA22CDEB1A00A22C25 /* CameraAPI.a */ = {isa = PBXFileReference; lastKnownFileType = archive.ar; name = CameraAPI.a; path = CameraAPI/CameraAPI.a; sourceTree = "<group>"; };
		42DA752522CB75C4002F1492 /* Sonor.app */ = {isa = PBXFileReference; explicitFileType = wrapper.application; includeInIndex = 0; path = Sonor.app; sourceTree = BUILT_PRODUCTS_DIR; };
		42DA752822CB75C4002F1492 /* AppDelegate.swift */ = {isa = PBXFileReference; lastKnownFileType = sourcecode.swift; path = AppDelegate.swift; sourceTree = "<group>"; };
		42DA752A22CB75C4002F1492 /* SceneDelegate.swift */ = {isa = PBXFileReference; lastKnownFileType = sourcecode.swift; path = SceneDelegate.swift; sourceTree = "<group>"; };
		42DA752C22CB75C4002F1492 /* ContentView.swift */ = {isa = PBXFileReference; lastKnownFileType = sourcecode.swift; path = ContentView.swift; sourceTree = "<group>"; };
		42DA752E22CB75C7002F1492 /* Assets.xcassets */ = {isa = PBXFileReference; lastKnownFileType = folder.assetcatalog; path = Assets.xcassets; sourceTree = "<group>"; };
		42DA753122CB75C7002F1492 /* Preview Assets.xcassets */ = {isa = PBXFileReference; lastKnownFileType = folder.assetcatalog; path = "Preview Assets.xcassets"; sourceTree = "<group>"; };
		42DA753422CB75C7002F1492 /* Base */ = {isa = PBXFileReference; lastKnownFileType = file.storyboard; name = Base; path = Base.lproj/LaunchScreen.storyboard; sourceTree = "<group>"; };
		42DA753622CB75C7002F1492 /* Info.plist */ = {isa = PBXFileReference; lastKnownFileType = text.plist.xml; path = Info.plist; sourceTree = "<group>"; };
		5608712C764865CAA33A8E76 /* Pods-SonorTests.debug.xcconfig */ = {isa = PBXFileReference; includeInIndex = 1; lastKnownFileType = text.xcconfig; name = "Pods-SonorTests.debug.xcconfig"; path = "Target Support Files/Pods-SonorTests/Pods-SonorTests.debug.xcconfig"; sourceTree = "<group>"; };
		ADAACE5512369E8A0734D1E0 /* libPods-SonorTests.a */ = {isa = PBXFileReference; explicitFileType = archive.ar; includeInIndex = 0; path = "libPods-SonorTests.a"; sourceTree = BUILT_PRODUCTS_DIR; };
		F04D9AF28054682122B63CA7 /* Pods-Sonor.debug.xcconfig */ = {isa = PBXFileReference; includeInIndex = 1; lastKnownFileType = text.xcconfig; name = "Pods-Sonor.debug.xcconfig"; path = "Target Support Files/Pods-Sonor/Pods-Sonor.debug.xcconfig"; sourceTree = "<group>"; };
/* End PBXFileReference section */

/* Begin PBXFrameworksBuildPhase section */
		428E959C22E38C2100038F28 /* Frameworks */ = {
			isa = PBXFrameworksBuildPhase;
			buildActionMask = 2147483647;
			files = (
				142994A0C3C23817D146D161 /* libPods-SonorTests.a in Frameworks */,
			);
			runOnlyForDeploymentPostprocessing = 0;
		};
		42DA752222CB75C4002F1492 /* Frameworks */ = {
			isa = PBXFrameworksBuildPhase;
			buildActionMask = 2147483647;
			files = (
				42A9CFFB22CDEB1A00A22C25 /* CameraAPI.a in Frameworks */,
				3AC382B181B832AA99281399 /* Pods_Sonor.framework in Frameworks */,
			);
			runOnlyForDeploymentPostprocessing = 0;
		};
/* End PBXFrameworksBuildPhase section */

/* Begin PBXGroup section */
		421EBEEA22CF106300CD97E4 /* Views */ = {
			isa = PBXGroup;
			children = (
				42934F0D22CF5FD300538CA1 /* ShootingLongExposure.swift */,
				4278B57022D4A9C3001F5498 /* GalleryView.swift */,
				428E95C522E3A14200038F28 /* ImageView.swift */,
				428E95C722E3A15600038F28 /* ImageRowView.swift */,
				4269E0A622E47C4800D3EF36 /* LandingView.swift */,
				4269E0A822E47C8500D3EF36 /* FindDeviceView.swift */,
			);
			name = Views;
			sourceTree = "<group>";
		};
		421EBEEE22CF10F500CD97E4 /* Models */ = {
			isa = PBXGroup;
			children = (
				421EBEF122CF14DA00CD97E4 /* GlobalStore.swift */,
				421EBEF322CF151000CD97E4 /* ShootingFeature.swift */,
				428E95C322E39FF700038F28 /* GalleryStore.swift */,
			);
			path = Models;
			sourceTree = "<group>";
		};
		421EBEF522CF16B000CD97E4 /* Bridges */ = {
			isa = PBXGroup;
			children = (
				42A9CFF322CDE1C300A22C25 /* CVWrapper.mm */,
				42A9CFF722CDE34400A22C25 /* PrefixHeader.pch */,
				42A9CFF622CDE30C00A22C25 /* CVWrapper.h */,
			);
			path = Bridges;
			sourceTree = "<group>";
		};
		424E7BC222CBA09900B627BC /* Frameworks */ = {
			isa = PBXGroup;
			children = (
				42A9CFEF22CDE17A00A22C25 /* Sonor-Bridging-Header.h */,
				42A9CFFA22CDEB1A00A22C25 /* CameraAPI.a */,
				389058836357A536F595BEE9 /* Pods_Sonor.framework */,
				ADAACE5512369E8A0734D1E0 /* libPods-SonorTests.a */,
			);
			name = Frameworks;
			sourceTree = "<group>";
		};
		424E7BCD22CBA5BE00B627BC /* CameraAPI */ = {
			isa = PBXGroup;
			children = (
				424E7BCE22CBA5CC00B627BC /* CameraWrapper.swift */,
				421EBEE822CF07AE00CD97E4 /* CameraDescription.swift */,
			);
			name = CameraAPI;
			sourceTree = "<group>";
		};
		428E95A022E38C2100038F28 /* SonorTests */ = {
			isa = PBXGroup;
			children = (
				428E95A922E38C5D00038F28 /* Data */,
				428E95A122E38C2100038F28 /* SonorTests.swift */,
				428E95A322E38C2100038F28 /* Info.plist */,
				428E95BB22E3980C00038F28 /* Test.m */,
				428E95BA22E3980B00038F28 /* SonorTests-Bridging-Header.h */,
			);
			path = SonorTests;
			sourceTree = "<group>";
		};
		428E95A922E38C5D00038F28 /* Data */ = {
			isa = PBXGroup;
			children = (
				428E95BE22E39AEA00038F28 /* 1.jpeg */,
				428E95BF22E39AEA00038F28 /* 2.jpeg */,
				428E95BD22E39AEA00038F28 /* 3.jpeg */,
			);
			path = Data;
			sourceTree = "<group>";
		};
		42DA751C22CB75C4002F1492 = {
			isa = PBXGroup;
			children = (
				42DA752722CB75C4002F1492 /* Sonor */,
				428E95A022E38C2100038F28 /* SonorTests */,
				42DA752622CB75C4002F1492 /* Products */,
				424E7BC222CBA09900B627BC /* Frameworks */,
				AA0AA20F2203B4334480F140 /* Pods */,
			);
			sourceTree = "<group>";
		};
		42DA752622CB75C4002F1492 /* Products */ = {
			isa = PBXGroup;
			children = (
				42DA752522CB75C4002F1492 /* Sonor.app */,
				428E959F22E38C2100038F28 /* SonorTests.xctest */,
			);
			name = Products;
			sourceTree = "<group>";
		};
		42DA752722CB75C4002F1492 /* Sonor */ = {
			isa = PBXGroup;
			children = (
				421EBEF522CF16B000CD97E4 /* Bridges */,
				421EBEEE22CF10F500CD97E4 /* Models */,
				421EBEEA22CF106300CD97E4 /* Views */,
				424E7BCD22CBA5BE00B627BC /* CameraAPI */,
				42DA752822CB75C4002F1492 /* AppDelegate.swift */,
				42DA752A22CB75C4002F1492 /* SceneDelegate.swift */,
				42DA752C22CB75C4002F1492 /* ContentView.swift */,
				42DA752E22CB75C7002F1492 /* Assets.xcassets */,
				42DA753322CB75C7002F1492 /* LaunchScreen.storyboard */,
				42DA753622CB75C7002F1492 /* Info.plist */,
				42DA753022CB75C7002F1492 /* Preview Content */,
			);
			path = Sonor;
			sourceTree = "<group>";
		};
		42DA753022CB75C7002F1492 /* Preview Content */ = {
			isa = PBXGroup;
			children = (
				42DA753122CB75C7002F1492 /* Preview Assets.xcassets */,
			);
			path = "Preview Content";
			sourceTree = "<group>";
		};
		AA0AA20F2203B4334480F140 /* Pods */ = {
			isa = PBXGroup;
			children = (
				F04D9AF28054682122B63CA7 /* Pods-Sonor.debug.xcconfig */,
				353D2BCB98B608029DE85191 /* Pods-Sonor.release.xcconfig */,
				5608712C764865CAA33A8E76 /* Pods-SonorTests.debug.xcconfig */,
				0F9C5CFEA7519E143830244D /* Pods-SonorTests.release.xcconfig */,
			);
			path = Pods;
			sourceTree = "<group>";
		};
/* End PBXGroup section */

/* Begin PBXNativeTarget section */
		428E959E22E38C2100038F28 /* SonorTests */ = {
			isa = PBXNativeTarget;
			buildConfigurationList = 428E95A622E38C2100038F28 /* Build configuration list for PBXNativeTarget "SonorTests" */;
			buildPhases = (
				6342D416B03624EC31153364 /* [CP] Check Pods Manifest.lock */,
				428E959B22E38C2100038F28 /* Sources */,
				428E959C22E38C2100038F28 /* Frameworks */,
				428E959D22E38C2100038F28 /* Resources */,
			);
			buildRules = (
			);
			dependencies = (
				428E95A522E38C2100038F28 /* PBXTargetDependency */,
			);
			name = SonorTests;
			productName = SonorTests;
			productReference = 428E959F22E38C2100038F28 /* SonorTests.xctest */;
			productType = "com.apple.product-type.bundle.unit-test";
		};
		42DA752422CB75C4002F1492 /* Sonor */ = {
			isa = PBXNativeTarget;
			buildConfigurationList = 42DA753922CB75C7002F1492 /* Build configuration list for PBXNativeTarget "Sonor" */;
			buildPhases = (
				A18D4C8CE74ED4A4250C44D2 /* [CP] Check Pods Manifest.lock */,
				42DA752122CB75C4002F1492 /* Sources */,
				42DA752222CB75C4002F1492 /* Frameworks */,
				42DA752322CB75C4002F1492 /* Resources */,
				421EBEF822CF3BAC00CD97E4 /* Run Fabric Script */,
				DE34DCF394C52DC1A4683E6A /* [CP] Embed Pods Frameworks */,
			);
			buildRules = (
			);
			dependencies = (
			);
			name = Sonor;
			productName = Sonor;
			productReference = 42DA752522CB75C4002F1492 /* Sonor.app */;
			productType = "com.apple.product-type.application";
		};
/* End PBXNativeTarget section */

/* Begin PBXProject section */
		42DA751D22CB75C4002F1492 /* Project object */ = {
			isa = PBXProject;
			attributes = {
				LastSwiftUpdateCheck = 1100;
				LastUpgradeCheck = 1100;
				ORGANIZATIONNAME = Watfaq;
				TargetAttributes = {
					428E959E22E38C2100038F28 = {
						CreatedOnToolsVersion = 11.0;
						LastSwiftMigration = 1100;
						TestTargetID = 42DA752422CB75C4002F1492;
					};
					42DA752422CB75C4002F1492 = {
						CreatedOnToolsVersion = 11.0;
						LastSwiftMigration = 1100;
					};
				};
			};
			buildConfigurationList = 42DA752022CB75C4002F1492 /* Build configuration list for PBXProject "Sonor" */;
			compatibilityVersion = "Xcode 9.3";
			developmentRegion = en;
			hasScannedForEncodings = 0;
			knownRegions = (
				en,
				Base,
			);
			mainGroup = 42DA751C22CB75C4002F1492;
			productRefGroup = 42DA752622CB75C4002F1492 /* Products */;
			projectDirPath = "";
			projectRoot = "";
			targets = (
				42DA752422CB75C4002F1492 /* Sonor */,
				428E959E22E38C2100038F28 /* SonorTests */,
			);
		};
/* End PBXProject section */

/* Begin PBXResourcesBuildPhase section */
		428E959D22E38C2100038F28 /* Resources */ = {
			isa = PBXResourcesBuildPhase;
			buildActionMask = 2147483647;
			files = (
				428E95C022E39AEA00038F28 /* 3.jpeg in Resources */,
				428E95C122E39AEA00038F28 /* 1.jpeg in Resources */,
				428E95C222E39AEA00038F28 /* 2.jpeg in Resources */,
			);
			runOnlyForDeploymentPostprocessing = 0;
		};
		42DA752322CB75C4002F1492 /* Resources */ = {
			isa = PBXResourcesBuildPhase;
			buildActionMask = 2147483647;
			files = (
				42DA753522CB75C7002F1492 /* LaunchScreen.storyboard in Resources */,
				42DA753222CB75C7002F1492 /* Preview Assets.xcassets in Resources */,
				42DA752F22CB75C7002F1492 /* Assets.xcassets in Resources */,
			);
			runOnlyForDeploymentPostprocessing = 0;
		};
/* End PBXResourcesBuildPhase section */

/* Begin PBXShellScriptBuildPhase section */
		421EBEF822CF3BAC00CD97E4 /* Run Fabric Script */ = {
			isa = PBXShellScriptBuildPhase;
			buildActionMask = 2147483647;
			files = (
			);
			inputFileListPaths = (
			);
			inputPaths = (
			);
			name = "Run Fabric Script";
			outputFileListPaths = (
			);
			outputPaths = (
			);
			runOnlyForDeploymentPostprocessing = 0;
			shellPath = /bin/sh;
			shellScript = "# Type a script or drag a script file from your workspace to insert its path.\n${PODS_ROOT}/Fabric/run b0e843a5497b2f15bc7972f8284edd103afe4961 2d2f8ea6610ac7b0f1e4546e51e66736a85d0e21adadd8fd58b9d2ee845258ec./Fabric.framework/run b0e843a5497b2f15bc7972f8284edd103afe4961 2d2f8ea6610ac7b0f1e4546e51e66736a85d0e21adadd8fd58b9d2ee845258ec\n";
		};
		6342D416B03624EC31153364 /* [CP] Check Pods Manifest.lock */ = {
			isa = PBXShellScriptBuildPhase;
			buildActionMask = 2147483647;
			files = (
			);
			inputFileListPaths = (
			);
			inputPaths = (
				"${PODS_PODFILE_DIR_PATH}/Podfile.lock",
				"${PODS_ROOT}/Manifest.lock",
			);
			name = "[CP] Check Pods Manifest.lock";
			outputFileListPaths = (
			);
			outputPaths = (
				"$(DERIVED_FILE_DIR)/Pods-SonorTests-checkManifestLockResult.txt",
			);
			runOnlyForDeploymentPostprocessing = 0;
			shellPath = /bin/sh;
			shellScript = "diff \"${PODS_PODFILE_DIR_PATH}/Podfile.lock\" \"${PODS_ROOT}/Manifest.lock\" > /dev/null\nif [ $? != 0 ] ; then\n    # print error to STDERR\n    echo \"error: The sandbox is not in sync with the Podfile.lock. Run 'pod install' or update your CocoaPods installation.\" >&2\n    exit 1\nfi\n# This output is used by Xcode 'outputs' to avoid re-running this script phase.\necho \"SUCCESS\" > \"${SCRIPT_OUTPUT_FILE_0}\"\n";
			showEnvVarsInLog = 0;
		};
		A18D4C8CE74ED4A4250C44D2 /* [CP] Check Pods Manifest.lock */ = {
			isa = PBXShellScriptBuildPhase;
			buildActionMask = 2147483647;
			files = (
			);
			inputFileListPaths = (
			);
			inputPaths = (
				"${PODS_PODFILE_DIR_PATH}/Podfile.lock",
				"${PODS_ROOT}/Manifest.lock",
			);
			name = "[CP] Check Pods Manifest.lock";
			outputFileListPaths = (
			);
			outputPaths = (
				"$(DERIVED_FILE_DIR)/Pods-Sonor-checkManifestLockResult.txt",
			);
			runOnlyForDeploymentPostprocessing = 0;
			shellPath = /bin/sh;
			shellScript = "diff \"${PODS_PODFILE_DIR_PATH}/Podfile.lock\" \"${PODS_ROOT}/Manifest.lock\" > /dev/null\nif [ $? != 0 ] ; then\n    # print error to STDERR\n    echo \"error: The sandbox is not in sync with the Podfile.lock. Run 'pod install' or update your CocoaPods installation.\" >&2\n    exit 1\nfi\n# This output is used by Xcode 'outputs' to avoid re-running this script phase.\necho \"SUCCESS\" > \"${SCRIPT_OUTPUT_FILE_0}\"\n";
			showEnvVarsInLog = 0;
		};
		DE34DCF394C52DC1A4683E6A /* [CP] Embed Pods Frameworks */ = {
			isa = PBXShellScriptBuildPhase;
			buildActionMask = 2147483647;
			files = (
			);
			inputFileListPaths = (
				"${PODS_ROOT}/Target Support Files/Pods-Sonor/Pods-Sonor-frameworks-${CONFIGURATION}-input-files.xcfilelist",
			);
			name = "[CP] Embed Pods Frameworks";
			outputFileListPaths = (
				"${PODS_ROOT}/Target Support Files/Pods-Sonor/Pods-Sonor-frameworks-${CONFIGURATION}-output-files.xcfilelist",
			);
			runOnlyForDeploymentPostprocessing = 0;
			shellPath = /bin/sh;
			shellScript = "\"${PODS_ROOT}/Target Support Files/Pods-Sonor/Pods-Sonor-frameworks.sh\"\n";
			showEnvVarsInLog = 0;
		};
/* End PBXShellScriptBuildPhase section */

/* Begin PBXSourcesBuildPhase section */
		428E959B22E38C2100038F28 /* Sources */ = {
			isa = PBXSourcesBuildPhase;
			buildActionMask = 2147483647;
			files = (
				428E95A222E38C2100038F28 /* SonorTests.swift in Sources */,
				428E95BC22E3980C00038F28 /* Test.m in Sources */,
			);
			runOnlyForDeploymentPostprocessing = 0;
		};
		42DA752122CB75C4002F1492 /* Sources */ = {
			isa = PBXSourcesBuildPhase;
			buildActionMask = 2147483647;
			files = (
				428E95C622E3A14200038F28 /* ImageView.swift in Sources */,
				424E7BCF22CBA5CC00B627BC /* CameraWrapper.swift in Sources */,
				4269E0A922E47C8500D3EF36 /* FindDeviceView.swift in Sources */,
				428E95C822E3A15600038F28 /* ImageRowView.swift in Sources */,
				4269E0A722E47C4800D3EF36 /* LandingView.swift in Sources */,
				42DA752922CB75C4002F1492 /* AppDelegate.swift in Sources */,
				42A9CFF422CDE1C300A22C25 /* CVWrapper.mm in Sources */,
				42DA752B22CB75C4002F1492 /* SceneDelegate.swift in Sources */,
				428E95C422E39FF700038F28 /* GalleryStore.swift in Sources */,
				42934F0E22CF5FD300538CA1 /* ShootingLongExposure.swift in Sources */,
				421EBEF222CF14DA00CD97E4 /* GlobalStore.swift in Sources */,
				4278B57122D4A9C3001F5498 /* GalleryView.swift in Sources */,
				421EBEF422CF151000CD97E4 /* ShootingFeature.swift in Sources */,
				42DA752D22CB75C4002F1492 /* ContentView.swift in Sources */,
				421EBEE922CF07AE00CD97E4 /* CameraDescription.swift in Sources */,
			);
			runOnlyForDeploymentPostprocessing = 0;
		};
/* End PBXSourcesBuildPhase section */

/* Begin PBXTargetDependency section */
		428E95A522E38C2100038F28 /* PBXTargetDependency */ = {
			isa = PBXTargetDependency;
			target = 42DA752422CB75C4002F1492 /* Sonor */;
			targetProxy = 428E95A422E38C2100038F28 /* PBXContainerItemProxy */;
		};
/* End PBXTargetDependency section */

/* Begin PBXVariantGroup section */
		42DA753322CB75C7002F1492 /* LaunchScreen.storyboard */ = {
			isa = PBXVariantGroup;
			children = (
				42DA753422CB75C7002F1492 /* Base */,
			);
			name = LaunchScreen.storyboard;
			sourceTree = "<group>";
		};
/* End PBXVariantGroup section */

/* Begin XCBuildConfiguration section */
		428E95A722E38C2100038F28 /* Debug */ = {
			isa = XCBuildConfiguration;
			baseConfigurationReference = 5608712C764865CAA33A8E76 /* Pods-SonorTests.debug.xcconfig */;
			buildSettings = {
				BUNDLE_LOADER = "$(TEST_HOST)";
				CLANG_ENABLE_MODULES = YES;
				CODE_SIGN_STYLE = Automatic;
				DEVELOPMENT_TEAM = A4HU2V65N5;
				INFOPLIST_FILE = SonorTests/Info.plist;
				LD_RUNPATH_SEARCH_PATHS = (
					"$(inherited)",
					"@executable_path/Frameworks",
					"@loader_path/Frameworks",
				);
				PRODUCT_BUNDLE_IDENTIFIER = com.watfaq.SonorTests;
				PRODUCT_NAME = "$(TARGET_NAME)";
				SWIFT_OBJC_BRIDGING_HEADER = "SonorTests/SonorTests-Bridging-Header.h";
				SWIFT_OPTIMIZATION_LEVEL = "-Onone";
				SWIFT_VERSION = 5.0;
				TARGETED_DEVICE_FAMILY = "1,2";
				TEST_HOST = "$(BUILT_PRODUCTS_DIR)/Sonor.app/Sonor";
			};
			name = Debug;
		};
		428E95A822E38C2100038F28 /* Release */ = {
			isa = XCBuildConfiguration;
			baseConfigurationReference = 0F9C5CFEA7519E143830244D /* Pods-SonorTests.release.xcconfig */;
			buildSettings = {
				BUNDLE_LOADER = "$(TEST_HOST)";
				CLANG_ENABLE_MODULES = YES;
				CODE_SIGN_STYLE = Automatic;
				DEVELOPMENT_TEAM = A4HU2V65N5;
				INFOPLIST_FILE = SonorTests/Info.plist;
				LD_RUNPATH_SEARCH_PATHS = (
					"$(inherited)",
					"@executable_path/Frameworks",
					"@loader_path/Frameworks",
				);
				PRODUCT_BUNDLE_IDENTIFIER = com.watfaq.SonorTests;
				PRODUCT_NAME = "$(TARGET_NAME)";
				SWIFT_OBJC_BRIDGING_HEADER = "SonorTests/SonorTests-Bridging-Header.h";
				SWIFT_VERSION = 5.0;
				TARGETED_DEVICE_FAMILY = "1,2";
				TEST_HOST = "$(BUILT_PRODUCTS_DIR)/Sonor.app/Sonor";
			};
			name = Release;
		};
		42DA753722CB75C7002F1492 /* Debug */ = {
			isa = XCBuildConfiguration;
			buildSettings = {
				ALWAYS_SEARCH_USER_PATHS = NO;
				CLANG_ANALYZER_NONNULL = YES;
				CLANG_ANALYZER_NUMBER_OBJECT_CONVERSION = YES_AGGRESSIVE;
				CLANG_CXX_LANGUAGE_STANDARD = "gnu++14";
				CLANG_CXX_LIBRARY = "libc++";
				CLANG_ENABLE_MODULES = YES;
				CLANG_ENABLE_OBJC_ARC = YES;
				CLANG_ENABLE_OBJC_WEAK = YES;
				CLANG_WARN_BLOCK_CAPTURE_AUTORELEASING = YES;
				CLANG_WARN_BOOL_CONVERSION = YES;
				CLANG_WARN_COMMA = YES;
				CLANG_WARN_CONSTANT_CONVERSION = YES;
				CLANG_WARN_DEPRECATED_OBJC_IMPLEMENTATIONS = YES;
				CLANG_WARN_DIRECT_OBJC_ISA_USAGE = YES_ERROR;
				CLANG_WARN_DOCUMENTATION_COMMENTS = YES;
				CLANG_WARN_EMPTY_BODY = YES;
				CLANG_WARN_ENUM_CONVERSION = YES;
				CLANG_WARN_INFINITE_RECURSION = YES;
				CLANG_WARN_INT_CONVERSION = YES;
				CLANG_WARN_NON_LITERAL_NULL_CONVERSION = YES;
				CLANG_WARN_OBJC_IMPLICIT_RETAIN_SELF = YES;
				CLANG_WARN_OBJC_LITERAL_CONVERSION = YES;
				CLANG_WARN_OBJC_ROOT_CLASS = YES_ERROR;
				CLANG_WARN_RANGE_LOOP_ANALYSIS = YES;
				CLANG_WARN_STRICT_PROTOTYPES = YES;
				CLANG_WARN_SUSPICIOUS_MOVE = YES;
				CLANG_WARN_UNGUARDED_AVAILABILITY = YES_AGGRESSIVE;
				CLANG_WARN_UNREACHABLE_CODE = YES;
				CLANG_WARN__DUPLICATE_METHOD_MATCH = YES;
				COPY_PHASE_STRIP = NO;
				DEBUG_INFORMATION_FORMAT = dwarf;
				ENABLE_STRICT_OBJC_MSGSEND = YES;
				ENABLE_TESTABILITY = YES;
				GCC_C_LANGUAGE_STANDARD = gnu11;
				GCC_DYNAMIC_NO_PIC = NO;
				GCC_NO_COMMON_BLOCKS = YES;
				GCC_OPTIMIZATION_LEVEL = 0;
				GCC_PREPROCESSOR_DEFINITIONS = (
					"DEBUG=1",
					"$(inherited)",
				);
				GCC_WARN_64_TO_32_BIT_CONVERSION = YES;
				GCC_WARN_ABOUT_RETURN_TYPE = YES_ERROR;
				GCC_WARN_UNDECLARED_SELECTOR = YES;
				GCC_WARN_UNINITIALIZED_AUTOS = YES_AGGRESSIVE;
				GCC_WARN_UNUSED_FUNCTION = YES;
				GCC_WARN_UNUSED_VARIABLE = YES;
				IPHONEOS_DEPLOYMENT_TARGET = 13.0;
				MTL_ENABLE_DEBUG_INFO = INCLUDE_SOURCE;
				MTL_FAST_MATH = YES;
				ONLY_ACTIVE_ARCH = YES;
				SDKROOT = iphoneos;
				SWIFT_ACTIVE_COMPILATION_CONDITIONS = DEBUG;
				SWIFT_OPTIMIZATION_LEVEL = "-Onone";
			};
			name = Debug;
		};
		42DA753822CB75C7002F1492 /* Release */ = {
			isa = XCBuildConfiguration;
			buildSettings = {
				ALWAYS_SEARCH_USER_PATHS = NO;
				CLANG_ANALYZER_NONNULL = YES;
				CLANG_ANALYZER_NUMBER_OBJECT_CONVERSION = YES_AGGRESSIVE;
				CLANG_CXX_LANGUAGE_STANDARD = "gnu++14";
				CLANG_CXX_LIBRARY = "libc++";
				CLANG_ENABLE_MODULES = YES;
				CLANG_ENABLE_OBJC_ARC = YES;
				CLANG_ENABLE_OBJC_WEAK = YES;
				CLANG_WARN_BLOCK_CAPTURE_AUTORELEASING = YES;
				CLANG_WARN_BOOL_CONVERSION = YES;
				CLANG_WARN_COMMA = YES;
				CLANG_WARN_CONSTANT_CONVERSION = YES;
				CLANG_WARN_DEPRECATED_OBJC_IMPLEMENTATIONS = YES;
				CLANG_WARN_DIRECT_OBJC_ISA_USAGE = YES_ERROR;
				CLANG_WARN_DOCUMENTATION_COMMENTS = YES;
				CLANG_WARN_EMPTY_BODY = YES;
				CLANG_WARN_ENUM_CONVERSION = YES;
				CLANG_WARN_INFINITE_RECURSION = YES;
				CLANG_WARN_INT_CONVERSION = YES;
				CLANG_WARN_NON_LITERAL_NULL_CONVERSION = YES;
				CLANG_WARN_OBJC_IMPLICIT_RETAIN_SELF = YES;
				CLANG_WARN_OBJC_LITERAL_CONVERSION = YES;
				CLANG_WARN_OBJC_ROOT_CLASS = YES_ERROR;
				CLANG_WARN_RANGE_LOOP_ANALYSIS = YES;
				CLANG_WARN_STRICT_PROTOTYPES = YES;
				CLANG_WARN_SUSPICIOUS_MOVE = YES;
				CLANG_WARN_UNGUARDED_AVAILABILITY = YES_AGGRESSIVE;
				CLANG_WARN_UNREACHABLE_CODE = YES;
				CLANG_WARN__DUPLICATE_METHOD_MATCH = YES;
				COPY_PHASE_STRIP = NO;
				DEBUG_INFORMATION_FORMAT = "dwarf-with-dsym";
				ENABLE_NS_ASSERTIONS = NO;
				ENABLE_STRICT_OBJC_MSGSEND = YES;
				GCC_C_LANGUAGE_STANDARD = gnu11;
				GCC_NO_COMMON_BLOCKS = YES;
				GCC_WARN_64_TO_32_BIT_CONVERSION = YES;
				GCC_WARN_ABOUT_RETURN_TYPE = YES_ERROR;
				GCC_WARN_UNDECLARED_SELECTOR = YES;
				GCC_WARN_UNINITIALIZED_AUTOS = YES_AGGRESSIVE;
				GCC_WARN_UNUSED_FUNCTION = YES;
				GCC_WARN_UNUSED_VARIABLE = YES;
				IPHONEOS_DEPLOYMENT_TARGET = 13.0;
				MTL_ENABLE_DEBUG_INFO = NO;
				MTL_FAST_MATH = YES;
				SDKROOT = iphoneos;
				SWIFT_COMPILATION_MODE = wholemodule;
				SWIFT_OPTIMIZATION_LEVEL = "-O";
				VALIDATE_PRODUCT = YES;
			};
			name = Release;
		};
		42DA753A22CB75C7002F1492 /* Debug */ = {
			isa = XCBuildConfiguration;
			baseConfigurationReference = F04D9AF28054682122B63CA7 /* Pods-Sonor.debug.xcconfig */;
			buildSettings = {
				ASSETCATALOG_COMPILER_APPICON_NAME = AppIcon;
				CLANG_ENABLE_MODULES = YES;
				CODE_SIGN_STYLE = Automatic;
				CURRENT_PROJECT_VERSION = 15;
				DEVELOPMENT_ASSET_PATHS = "Sonor/Preview\\ Content";
				DEVELOPMENT_TEAM = A4HU2V65N5;
				ENABLE_BITCODE = YES;
				ENABLE_PREVIEWS = YES;
				FRAMEWORK_SEARCH_PATHS = (
					"$(inherited)",
					"$(PROJECT_DIR)",
					"$(PROJECT_DIR)/CameraAPI",
				);
				HEADER_SEARCH_PATHS = (
					"$(inherited)",
					"$(SRCROOT)/CameraAPI",
				);
				INFOPLIST_FILE = Sonor/Info.plist;
				LD_RUNPATH_SEARCH_PATHS = (
					"$(inherited)",
					"@executable_path/Frameworks",
				);
				LIBRARY_SEARCH_PATHS = (
					"$(inherited)",
					"$(PROJECT_DIR)/CameraAPI",
				);
				MODULEMAP_PRIVATE_FILE = "$(SRCROOT)/CameraAPI/module.modulemap";
				PRODUCT_BUNDLE_IDENTIFIER = com.watfaq.Sonor;
				PRODUCT_NAME = "$(TARGET_NAME)";
				SWIFT_INCLUDE_PATHS = "$(SRCROOT)/CameraAPI";
				SWIFT_OBJC_BRIDGING_HEADER = "Sonor-Bridging-Header.h";
				SWIFT_OPTIMIZATION_LEVEL = "-Onone";
				SWIFT_VERSION = 5.0;
				TARGETED_DEVICE_FAMILY = "1,2";
				VERSIONING_SYSTEM = "apple-generic";
			};
			name = Debug;
		};
		42DA753B22CB75C7002F1492 /* Release */ = {
			isa = XCBuildConfiguration;
			baseConfigurationReference = 353D2BCB98B608029DE85191 /* Pods-Sonor.release.xcconfig */;
			buildSettings = {
				ASSETCATALOG_COMPILER_APPICON_NAME = AppIcon;
				CLANG_ENABLE_MODULES = YES;
				CODE_SIGN_STYLE = Automatic;
				CURRENT_PROJECT_VERSION = 15;
				DEVELOPMENT_ASSET_PATHS = "Sonor/Preview\\ Content";
				DEVELOPMENT_TEAM = A4HU2V65N5;
				ENABLE_BITCODE = YES;
				ENABLE_PREVIEWS = YES;
				FRAMEWORK_SEARCH_PATHS = (
					"$(inherited)",
					"$(PROJECT_DIR)",
					"$(PROJECT_DIR)/CameraAPI",
				);
				HEADER_SEARCH_PATHS = (
					"$(inherited)",
					"$(SRCROOT)/CameraAPI",
				);
				INFOPLIST_FILE = Sonor/Info.plist;
				LD_RUNPATH_SEARCH_PATHS = (
					"$(inherited)",
					"@executable_path/Frameworks",
				);
				LIBRARY_SEARCH_PATHS = (
					"$(inherited)",
					"$(PROJECT_DIR)/CameraAPI",
				);
				MODULEMAP_PRIVATE_FILE = "$(SRCROOT)/CameraAPI/module.modulemap";
				PRODUCT_BUNDLE_IDENTIFIER = com.watfaq.Sonor;
				PRODUCT_NAME = "$(TARGET_NAME)";
				SWIFT_INCLUDE_PATHS = "$(SRCROOT)/CameraAPI";
				SWIFT_OBJC_BRIDGING_HEADER = "Sonor-Bridging-Header.h";
				SWIFT_VERSION = 5.0;
				TARGETED_DEVICE_FAMILY = "1,2";
				VERSIONING_SYSTEM = "apple-generic";
			};
			name = Release;
		};
/* End XCBuildConfiguration section */

/* Begin XCConfigurationList section */
		428E95A622E38C2100038F28 /* Build configuration list for PBXNativeTarget "SonorTests" */ = {
			isa = XCConfigurationList;
			buildConfigurations = (
				428E95A722E38C2100038F28 /* Debug */,
				428E95A822E38C2100038F28 /* Release */,
			);
			defaultConfigurationIsVisible = 0;
			defaultConfigurationName = Release;
		};
		42DA752022CB75C4002F1492 /* Build configuration list for PBXProject "Sonor" */ = {
			isa = XCConfigurationList;
			buildConfigurations = (
				42DA753722CB75C7002F1492 /* Debug */,
				42DA753822CB75C7002F1492 /* Release */,
			);
			defaultConfigurationIsVisible = 0;
			defaultConfigurationName = Release;
		};
		42DA753922CB75C7002F1492 /* Build configuration list for PBXNativeTarget "Sonor" */ = {
			isa = XCConfigurationList;
			buildConfigurations = (
				42DA753A22CB75C7002F1492 /* Debug */,
				42DA753B22CB75C7002F1492 /* Release */,
			);
			defaultConfigurationIsVisible = 0;
			defaultConfigurationName = Release;
		};
/* End XCConfigurationList section */
	};
	rootObject = 42DA751D22CB75C4002F1492 /* Project object */;
}
